Microsoft Visual Studio Solution File, Format Version 11.00
# Visual Studio 16
Project("{FAE04EC0-301F-11D3-BF4B-00C04F79EFBC}") = "ReportDesigner_AddingCustomControl", "ReportDesigner_AddingCustomControl\ReportDesigner_AddingCustomControl.Net6.csproj", "{36D11AEB-3EFD-4D2A-9D23-0DD30C9F9EB7}"
EndProject
Global
	GlobalSection(SolutionConfigurationPlatforms) = preSolution
		Debug|x86 = Debug|x86
		Release|x86 = Release|x86
	EndGlobalSection
	GlobalSection(ProjectConfigurationPlatforms) = postSolution
		{36D11AEB-3EFD-4D2A-9D23-0DD30C9F9EB7}.Debug|x86.ActiveCfg = Debug|x86
		{36D11AEB-3EFD-4D2A-9D23-0DD30C9F9EB7}.Debug|x86.Build.0 = Debug|x86
		{36D11AEB-3EFD-4D2A-9D23-0DD30C9F9EB7}.Release|x86.ActiveCfg = Release|x86
		{36D11AEB-3EFD-4D2A-9D23-0DD30C9F9EB7}.Release|x86.Build.0 = Release|x86
	EndGlobalSection
	GlobalSection(SolutionProperties) = preSolution
		HideSolutionNode = FALSE
	EndGlobalSection
EndGlobal
